
Microsoft Visual Studio Solution File, Format Version 12.00
# Visual Studio 15
VisualStudioVersion = 15.0.28307.136
MinimumVisualStudioVersion = 10.0.40219.1
Project("{151D2E53-A2C4-4D7D-83FE-D05416EBD58E}") = "Tier1.NSG", "Tier1.NSG\Tier1.NSG.deployproj", "{8010018D-0713-47B4-9222-98795F43B97B}"
EndProject
Global
	GlobalSection(SolutionConfigurationPlatforms) = preSolution
		Debug|Any CPU = Debug|Any CPU
		Release|Any CPU = Release|Any CPU
	EndGlobalSection
	GlobalSection(ProjectConfigurationPlatforms) = postSolution
		{8010018D-0713-47B4-9222-98795F43B97B}.Debug|Any CPU.ActiveCfg = Debug|Any CPU
		{8010018D-0713-47B4-9222-98795F43B97B}.Debug|Any CPU.Build.0 = Debug|Any CPU
		{8010018D-0713-47B4-9222-98795F43B97B}.Release|Any CPU.ActiveCfg = Release|Any CPU
		{8010018D-0713-47B4-9222-98795F43B97B}.Release|Any CPU.Build.0 = Release|Any CPU
	EndGlobalSection
	GlobalSection(SolutionProperties) = preSolution
		HideSolutionNode = FALSE
	EndGlobalSection
	GlobalSection(ExtensibilityGlobals) = postSolution
		SolutionGuid = {1EB957F6-E723-44AE-ADB0-62B411B28E89}
	EndGlobalSection
EndGlobal
