
Microsoft Visual Studio Solution File, Format Version 12.00
# Visual Studio 15
VisualStudioVersion = 15.0.28307.136
MinimumVisualStudioVersion = 10.0.40219.1
Project("{151D2E53-A2C4-4D7D-83FE-D05416EBD58E}") = "Tier2.VMinAvailabilitySet", "Tier2.VMinAvailabilitySet\Tier2.VMinAvailabilitySet.deployproj", "{F7970444-DBE4-4355-AD98-AEDC60CC5BDB}"
EndProject
Global
	GlobalSection(SolutionConfigurationPlatforms) = preSolution
		Debug|Any CPU = Debug|Any CPU
		Release|Any CPU = Release|Any CPU
	EndGlobalSection
	GlobalSection(ProjectConfigurationPlatforms) = postSolution
		{F7970444-DBE4-4355-AD98-AEDC60CC5BDB}.Debug|Any CPU.ActiveCfg = Debug|Any CPU
		{F7970444-DBE4-4355-AD98-AEDC60CC5BDB}.Debug|Any CPU.Build.0 = Debug|Any CPU
		{F7970444-DBE4-4355-AD98-AEDC60CC5BDB}.Release|Any CPU.ActiveCfg = Release|Any CPU
		{F7970444-DBE4-4355-AD98-AEDC60CC5BDB}.Release|Any CPU.Build.0 = Release|Any CPU
	EndGlobalSection
	GlobalSection(SolutionProperties) = preSolution
		HideSolutionNode = FALSE
	EndGlobalSection
	GlobalSection(ExtensibilityGlobals) = postSolution
		SolutionGuid = {D59DD6B9-1193-4557-9ACC-6B3007DA8389}
	EndGlobalSection
EndGlobal
