
Microsoft Visual Studio Solution File, Format Version 12.00
# Visual Studio 15
VisualStudioVersion = 15.0.28307.136
MinimumVisualStudioVersion = 10.0.40219.1
Project("{151D2E53-A2C4-4D7D-83FE-D05416EBD58E}") = "Tier1.ActiveDirectory", "Tier1.ActiveDirectory\Tier1.ActiveDirectory.deployproj", "{36E6934A-6A59-4C53-9EF3-44746A2DD9F4}"
EndProject
Global
	GlobalSection(SolutionConfigurationPlatforms) = preSolution
		Debug|Any CPU = Debug|Any CPU
		Release|Any CPU = Release|Any CPU
	EndGlobalSection
	GlobalSection(ProjectConfigurationPlatforms) = postSolution
		{36E6934A-6A59-4C53-9EF3-44746A2DD9F4}.Debug|Any CPU.ActiveCfg = Debug|Any CPU
		{36E6934A-6A59-4C53-9EF3-44746A2DD9F4}.Debug|Any CPU.Build.0 = Debug|Any CPU
		{36E6934A-6A59-4C53-9EF3-44746A2DD9F4}.Release|Any CPU.ActiveCfg = Release|Any CPU
		{36E6934A-6A59-4C53-9EF3-44746A2DD9F4}.Release|Any CPU.Build.0 = Release|Any CPU
	EndGlobalSection
	GlobalSection(SolutionProperties) = preSolution
		HideSolutionNode = FALSE
	EndGlobalSection
	GlobalSection(ExtensibilityGlobals) = postSolution
		SolutionGuid = {CA2ED619-751C-4147-909D-535F50EF9A0D}
	EndGlobalSection
EndGlobal
