
Microsoft Visual Studio Solution File, Format Version 12.00
# Visual Studio 15
VisualStudioVersion = 15.0.28307.136
MinimumVisualStudioVersion = 10.0.40219.1
Project("{151D2E53-A2C4-4D7D-83FE-D05416EBD58E}") = "Tier1.Nics", "Tier1.Nics\Tier1.Nics.deployproj", "{4ECE4EFD-F4DB-486A-A76E-139D49DDD60A}"
EndProject
Global
	GlobalSection(SolutionConfigurationPlatforms) = preSolution
		Debug|Any CPU = Debug|Any CPU
		Release|Any CPU = Release|Any CPU
	EndGlobalSection
	GlobalSection(ProjectConfigurationPlatforms) = postSolution
		{4ECE4EFD-F4DB-486A-A76E-139D49DDD60A}.Debug|Any CPU.ActiveCfg = Debug|Any CPU
		{4ECE4EFD-F4DB-486A-A76E-139D49DDD60A}.Debug|Any CPU.Build.0 = Debug|Any CPU
		{4ECE4EFD-F4DB-486A-A76E-139D49DDD60A}.Release|Any CPU.ActiveCfg = Release|Any CPU
		{4ECE4EFD-F4DB-486A-A76E-139D49DDD60A}.Release|Any CPU.Build.0 = Release|Any CPU
	EndGlobalSection
	GlobalSection(SolutionProperties) = preSolution
		HideSolutionNode = FALSE
	EndGlobalSection
	GlobalSection(ExtensibilityGlobals) = postSolution
		SolutionGuid = {380D0A55-0226-4749-B3B0-4A142360AFBC}
	EndGlobalSection
EndGlobal
